// !$*UTF8*$!
{
	archiveVersion = 1;
	classes = {
	};
	objectVersion = 46;
	objects = {

/* Begin PBXBuildFile section */
		F3C2711F1869956C0059CB9A /* Foundation.framework in Frameworks */ = {isa = PBXBuildFile; fileRef = F3C2711E1869956C0059CB9A /* Foundation.framework */; };
		F3C271211869956C0059CB9A /* CoreGraphics.framework in Frameworks */ = {isa = PBXBuildFile; fileRef = F3C271201869956C0059CB9A /* CoreGraphics.framework */; };
		F3C271231869956C0059CB9A /* UIKit.framework in Frameworks */ = {isa = PBXBuildFile; fileRef = F3C271221869956C0059CB9A /* UIKit.framework */; };
		F3C271291869956C0059CB9A /* InfoPlist.strings in Resources */ = {isa = PBXBuildFile; fileRef = F3C271271869956C0059CB9A /* InfoPlist.strings */; };
		F3C2712B1869956C0059CB9A /* main.m in Sources */ = {isa = PBXBuildFile; fileRef = F3C2712A1869956C0059CB9A /* main.m */; };
		F3C2712F1869956C0059CB9A /* AppDelegate.m in Sources */ = {isa = PBXBuildFile; fileRef = F3C2712E1869956C0059CB9A /* AppDelegate.m */; };
		F3C271321869956C0059CB9A /* Main.storyboard in Resources */ = {isa = PBXBuildFile; fileRef = F3C271301869956C0059CB9A /* Main.storyboard */; };
		F3C271351869956C0059CB9A /* ViewController.m in Sources */ = {isa = PBXBuildFile; fileRef = F3C271341869956C0059CB9A /* ViewController.m */; };
		F3C271371869956C0059CB9A /* Images.xcassets in Resources */ = {isa = PBXBuildFile; fileRef = F3C271361869956C0059CB9A /* Images.xcassets */; };
		F3C2713E1869956C0059CB9A /* XCTest.framework in Frameworks */ = {isa = PBXBuildFile; fileRef = F3C2713D1869956C0059CB9A /* XCTest.framework */; };
		F3C2713F1869956C0059CB9A /* Foundation.framework in Frameworks */ = {isa = PBXBuildFile; fileRef = F3C2711E1869956C0059CB9A /* Foundation.framework */; };
		F3C271401869956C0059CB9A /* UIKit.framework in Frameworks */ = {isa = PBXBuildFile; fileRef = F3C271221869956C0059CB9A /* UIKit.framework */; };
		F3C271481869956C0059CB9A /* InfoPlist.strings in Resources */ = {isa = PBXBuildFile; fileRef = F3C271461869956C0059CB9A /* InfoPlist.strings */; };
		F3C2714A1869956C0059CB9A /* BleCentralDemoTests.m in Sources */ = {isa = PBXBuildFile; fileRef = F3C271491869956C0059CB9A /* BleCentralDemoTests.m */; };
		F3C27154186995E10059CB9A /* CoreBluetooth.framework in Frameworks */ = {isa = PBXBuildFile; fileRef = F3C27153186995E10059CB9A /* CoreBluetooth.framework */; };
/* End PBXBuildFile section */

/* Begin PBXContainerItemProxy section */
		F3C271411869956C0059CB9A /* PBXContainerItemProxy */ = {
			isa = PBXContainerItemProxy;
			containerPortal = F3C271131869956C0059CB9A /* Project object */;
			proxyType = 1;
			remoteGlobalIDString = F3C2711A1869956C0059CB9A;
			remoteInfo = BleCentralDemo;
		};
/* End PBXContainerItemProxy section */

/* Begin PBXFileReference section */
		F3C2711B1869956C0059CB9A /* BleCentralDemo.app */ = {isa = PBXFileReference; explicitFileType = wrapper.application; includeInIndex = 0; path = BleCentralDemo.app; sourceTree = BUILT_PRODUCTS_DIR; };
		F3C2711E1869956C0059CB9A /* Foundation.framework */ = {isa = PBXFileReference; lastKnownFileType = wrapper.framework; name = Foundation.framework; path = System/Library/Frameworks/Foundation.framework; sourceTree = SDKROOT; };
		F3C271201869956C0059CB9A /* CoreGraphics.framework */ = {isa = PBXFileReference; lastKnownFileType = wrapper.framework; name = CoreGraphics.framework; path = System/Library/Frameworks/CoreGraphics.framework; sourceTree = SDKROOT; };
		F3C271221869956C0059CB9A /* UIKit.framework */ = {isa = PBXFileReference; lastKnownFileType = wrapper.framework; name = UIKit.framework; path = System/Library/Frameworks/UIKit.framework; sourceTree = SDKROOT; };
		F3C271261869956C0059CB9A /* BleCentralDemo-Info.plist */ = {isa = PBXFileReference; lastKnownFileType = text.plist.xml; path = "BleCentralDemo-Info.plist"; sourceTree = "<group>"; };
		F3C271281869956C0059CB9A /* en */ = {isa = PBXFileReference; lastKnownFileType = text.plist.strings; name = en; path = en.lproj/InfoPlist.strings; sourceTree = "<group>"; };
		F3C2712A1869956C0059CB9A /* main.m */ = {isa = PBXFileReference; lastKnownFileType = sourcecode.c.objc; path = main.m; sourceTree = "<group>"; };
		F3C2712C1869956C0059CB9A /* BleCentralDemo-Prefix.pch */ = {isa = PBXFileReference; lastKnownFileType = sourcecode.c.h; path = "BleCentralDemo-Prefix.pch"; sourceTree = "<group>"; };
		F3C2712D1869956C0059CB9A /* AppDelegate.h */ = {isa = PBXFileReference; lastKnownFileType = sourcecode.c.h; path = AppDelegate.h; sourceTree = "<group>"; };
		F3C2712E1869956C0059CB9A /* AppDelegate.m */ = {isa = PBXFileReference; lastKnownFileType = sourcecode.c.objc; path = AppDelegate.m; sourceTree = "<group>"; };
		F3C271311869956C0059CB9A /* Base */ = {isa = PBXFileReference; lastKnownFileType = file.storyboard; name = Base; path = Base.lproj/Main.storyboard; sourceTree = "<group>"; };
		F3C271331869956C0059CB9A /* ViewController.h */ = {isa = PBXFileReference; lastKnownFileType = sourcecode.c.h; path = ViewController.h; sourceTree = "<group>"; };
		F3C271341869956C0059CB9A /* ViewController.m */ = {isa = PBXFileReference; lastKnownFileType = sourcecode.c.objc; path = ViewController.m; sourceTree = "<group>"; };
		F3C271361869956C0059CB9A /* Images.xcassets */ = {isa = PBXFileReference; lastKnownFileType = folder.assetcatalog; path = Images.xcassets; sourceTree = "<group>"; };
		F3C2713C1869956C0059CB9A /* BleCentralDemoTests.xctest */ = {isa = PBXFileReference; explicitFileType = wrapper.cfbundle; includeInIndex = 0; path = BleCentralDemoTests.xctest; sourceTree = BUILT_PRODUCTS_DIR; };
		F3C2713D1869956C0059CB9A /* XCTest.framework */ = {isa = PBXFileReference; lastKnownFileType = wrapper.framework; name = XCTest.framework; path = Library/Frameworks/XCTest.framework; sourceTree = DEVELOPER_DIR; };
		F3C271451869956C0059CB9A /* BleCentralDemoTests-Info.plist */ = {isa = PBXFileReference; lastKnownFileType = text.plist.xml; path = "BleCentralDemoTests-Info.plist"; sourceTree = "<group>"; };
		F3C271471869956C0059CB9A /* en */ = {isa = PBXFileReference; lastKnownFileType = text.plist.strings; name = en; path = en.lproj/InfoPlist.strings; sourceTree = "<group>"; };
		F3C271491869956C0059CB9A /* BleCentralDemoTests.m */ = {isa = PBXFileReference; lastKnownFileType = sourcecode.c.objc; path = BleCentralDemoTests.m; sourceTree = "<group>"; };
		F3C27153186995E10059CB9A /* CoreBluetooth.framework */ = {isa = PBXFileReference; lastKnownFileType = wrapper.framework; name = CoreBluetooth.framework; path = System/Library/Frameworks/CoreBluetooth.framework; sourceTree = SDKROOT; };
/* End PBXFileReference section */

/* Begin PBXFrameworksBuildPhase section */
		F3C271181869956C0059CB9A /* Frameworks */ = {
			isa = PBXFrameworksBuildPhase;
			buildActionMask = 2147483647;
			files = (
				F3C27154186995E10059CB9A /* CoreBluetooth.framework in Frameworks */,
				F3C271211869956C0059CB9A /* CoreGraphics.framework in Frameworks */,
				F3C271231869956C0059CB9A /* UIKit.framework in Frameworks */,
				F3C2711F1869956C0059CB9A /* Foundation.framework in Frameworks */,
			);
			runOnlyForDeploymentPostprocessing = 0;
		};
		F3C271391869956C0059CB9A /* Frameworks */ = {
			isa = PBXFrameworksBuildPhase;
			buildActionMask = 2147483647;
			files = (
				F3C2713E1869956C0059CB9A /* XCTest.framework in Frameworks */,
				F3C271401869956C0059CB9A /* UIKit.framework in Frameworks */,
				F3C2713F1869956C0059CB9A /* Foundation.framework in Frameworks */,
			);
			runOnlyForDeploymentPostprocessing = 0;
		};
/* End PBXFrameworksBuildPhase section */

/* Begin PBXGroup section */
		F3C271121869956C0059CB9A = {
			isa = PBXGroup;
			children = (
				F3C271241869956C0059CB9A /* BleCentralDemo */,
				F3C271431869956C0059CB9A /* BleCentralDemoTests */,
				F3C2711D1869956C0059CB9A /* Frameworks */,
				F3C2711C1869956C0059CB9A /* Products */,
			);
			sourceTree = "<group>";
		};
		F3C2711C1869956C0059CB9A /* Products */ = {
			isa = PBXGroup;
			children = (
				F3C2711B1869956C0059CB9A /* BleCentralDemo.app */,
				F3C2713C1869956C0059CB9A /* BleCentralDemoTests.xctest */,
			);
			name = Products;
			sourceTree = "<group>";
		};
		F3C2711D1869956C0059CB9A /* Frameworks */ = {
			isa = PBXGroup;
			children = (
				F3C27153186995E10059CB9A /* CoreBluetooth.framework */,
				F3C2711E1869956C0059CB9A /* Foundation.framework */,
				F3C271201869956C0059CB9A /* CoreGraphics.framework */,
				F3C271221869956C0059CB9A /* UIKit.framework */,
				F3C2713D1869956C0059CB9A /* XCTest.framework */,
			);
			name = Frameworks;
			sourceTree = "<group>";
		};
		F3C271241869956C0059CB9A /* BleCentralDemo */ = {
			isa = PBXGroup;
			children = (
				F3C2712D1869956C0059CB9A /* AppDelegate.h */,
				F3C2712E1869956C0059CB9A /* AppDelegate.m */,
				F3C271301869956C0059CB9A /* Main.storyboard */,
				F3C271331869956C0059CB9A /* ViewController.h */,
				F3C271341869956C0059CB9A /* ViewController.m */,
				F3C271361869956C0059CB9A /* Images.xcassets */,
				F3C271251869956C0059CB9A /* Supporting Files */,
			);
			path = BleCentralDemo;
			sourceTree = "<group>";
		};
		F3C271251869956C0059CB9A /* Supporting Files */ = {
			isa = PBXGroup;
			children = (
				F3C271261869956C0059CB9A /* BleCentralDemo-Info.plist */,
				F3C271271869956C0059CB9A /* InfoPlist.strings */,
				F3C2712A1869956C0059CB9A /* main.m */,
				F3C2712C1869956C0059CB9A /* BleCentralDemo-Prefix.pch */,
			);
			name = "Supporting Files";
			sourceTree = "<group>";
		};
		F3C271431869956C0059CB9A /* BleCentralDemoTests */ = {
			isa = PBXGroup;
			children = (
				F3C271491869956C0059CB9A /* BleCentralDemoTests.m */,
				F3C271441869956C0059CB9A /* Supporting Files */,
			);
			path = BleCentralDemoTests;
			sourceTree = "<group>";
		};
		F3C271441869956C0059CB9A /* Supporting Files */ = {
			isa = PBXGroup;
			children = (
				F3C271451869956C0059CB9A /* BleCentralDemoTests-Info.plist */,
				F3C271461869956C0059CB9A /* InfoPlist.strings */,
			);
			name = "Supporting Files";
			sourceTree = "<group>";
		};
/* End PBXGroup section */

/* Begin PBXNativeTarget section */
		F3C2711A1869956C0059CB9A /* BleCentralDemo */ = {
			isa = PBXNativeTarget;
			buildConfigurationList = F3C2714D1869956C0059CB9A /* Build configuration list for PBXNativeTarget "BleCentralDemo" */;
			buildPhases = (
				F3C271171869956C0059CB9A /* Sources */,
				F3C271181869956C0059CB9A /* Frameworks */,
				F3C271191869956C0059CB9A /* Resources */,
			);
			buildRules = (
			);
			dependencies = (
			);
			name = BleCentralDemo;
			productName = BleCentralDemo;
			productReference = F3C2711B1869956C0059CB9A /* BleCentralDemo.app */;
			productType = "com.apple.product-type.application";
		};
		F3C2713B1869956C0059CB9A /* BleCentralDemoTests */ = {
			isa = PBXNativeTarget;
			buildConfigurationList = F3C271501869956C0059CB9A /* Build configuration list for PBXNativeTarget "BleCentralDemoTests" */;
			buildPhases = (
				F3C271381869956C0059CB9A /* Sources */,
				F3C271391869956C0059CB9A /* Frameworks */,
				F3C2713A1869956C0059CB9A /* Resources */,
			);
			buildRules = (
			);
			dependencies = (
				F3C271421869956C0059CB9A /* PBXTargetDependency */,
			);
			name = BleCentralDemoTests;
			productName = BleCentralDemoTests;
			productReference = F3C2713C1869956C0059CB9A /* BleCentralDemoTests.xctest */;
			productType = "com.apple.product-type.bundle.unit-test";
		};
/* End PBXNativeTarget section */

/* Begin PBXProject section */
		F3C271131869956C0059CB9A /* Project object */ = {
			isa = PBXProject;
			attributes = {
				LastUpgradeCheck = 0500;
				ORGANIZATIONNAME = "Marshal Wu";
				TargetAttributes = {
					F3C2713B1869956C0059CB9A = {
						TestTargetID = F3C2711A1869956C0059CB9A;
					};
				};
			};
			buildConfigurationList = F3C271161869956C0059CB9A /* Build configuration list for PBXProject "BleCentralDemo" */;
			compatibilityVersion = "Xcode 3.2";
			developmentRegion = English;
			hasScannedForEncodings = 0;
			knownRegions = (
				en,
				Base,
			);
			mainGroup = F3C271121869956C0059CB9A;
			productRefGroup = F3C2711C1869956C0059CB9A /* Products */;
			projectDirPath = "";
			projectRoot = "";
			targets = (
				F3C2711A1869956C0059CB9A /* BleCentralDemo */,
				F3C2713B1869956C0059CB9A /* BleCentralDemoTests */,
			);
		};
/* End PBXProject section */

/* Begin PBXResourcesBuildPhase section */
		F3C271191869956C0059CB9A /* Resources */ = {
			isa = PBXResourcesBuildPhase;
			buildActionMask = 2147483647;
			files = (
				F3C271371869956C0059CB9A /* Images.xcassets in Resources */,
				F3C271291869956C0059CB9A /* InfoPlist.strings in Resources */,
				F3C271321869956C0059CB9A /* Main.storyboard in Resources */,
			);
			runOnlyForDeploymentPostprocessing = 0;
		};
		F3C2713A1869956C0059CB9A /* Resources */ = {
			isa = PBXResourcesBuildPhase;
			buildActionMask = 2147483647;
			files = (
				F3C271481869956C0059CB9A /* InfoPlist.strings in Resources */,
			);
			runOnlyForDeploymentPostprocessing = 0;
		};
/* End PBXResourcesBuildPhase section */

/* Begin PBXSourcesBuildPhase section */
		F3C271171869956C0059CB9A /* Sources */ = {
			isa = PBXSourcesBuildPhase;
			buildActionMask = 2147483647;
			files = (
				F3C271351869956C0059CB9A /* ViewController.m in Sources */,
				F3C2712F1869956C0059CB9A /* AppDelegate.m in Sources */,
				F3C2712B1869956C0059CB9A /* main.m in Sources */,
			);
			runOnlyForDeploymentPostprocessing = 0;
		};
		F3C271381869956C0059CB9A /* Sources */ = {
			isa = PBXSourcesBuildPhase;
			buildActionMask = 2147483647;
			files = (
				F3C2714A1869956C0059CB9A /* BleCentralDemoTests.m in Sources */,
			);
			runOnlyForDeploymentPostprocessing = 0;
		};
/* End PBXSourcesBuildPhase section */

/* Begin PBXTargetDependency section */
		F3C271421869956C0059CB9A /* PBXTargetDependency */ = {
			isa = PBXTargetDependency;
			target = F3C2711A1869956C0059CB9A /* BleCentralDemo */;
			targetProxy = F3C271411869956C0059CB9A /* PBXContainerItemProxy */;
		};
/* End PBXTargetDependency section */

/* Begin PBXVariantGroup section */
		F3C271271869956C0059CB9A /* InfoPlist.strings */ = {
			isa = PBXVariantGroup;
			children = (
				F3C271281869956C0059CB9A /* en */,
			);
			name = InfoPlist.strings;
			sourceTree = "<group>";
		};
		F3C271301869956C0059CB9A /* Main.storyboard */ = {
			isa = PBXVariantGroup;
			children = (
				F3C271311869956C0059CB9A /* Base */,
			);
			name = Main.storyboard;
			sourceTree = "<group>";
		};
		F3C271461869956C0059CB9A /* InfoPlist.strings */ = {
			isa = PBXVariantGroup;
			children = (
				F3C271471869956C0059CB9A /* en */,
			);
			name = InfoPlist.strings;
			sourceTree = "<group>";
		};
/* End PBXVariantGroup section */

/* Begin XCBuildConfiguration section */
		F3C2714B1869956C0059CB9A /* Debug */ = {
			isa = XCBuildConfiguration;
			buildSettings = {
				ALWAYS_SEARCH_USER_PATHS = NO;
				ARCHS = "$(ARCHS_STANDARD_INCLUDING_64_BIT)";
				CLANG_CXX_LANGUAGE_STANDARD = "gnu++0x";
				CLANG_CXX_LIBRARY = "libc++";
				CLANG_ENABLE_MODULES = YES;
				CLANG_ENABLE_OBJC_ARC = YES;
				CLANG_WARN_BOOL_CONVERSION = YES;
				CLANG_WARN_CONSTANT_CONVERSION = YES;
				CLANG_WARN_DIRECT_OBJC_ISA_USAGE = YES_ERROR;
				CLANG_WARN_EMPTY_BODY = YES;
				CLANG_WARN_ENUM_CONVERSION = YES;
				CLANG_WARN_INT_CONVERSION = YES;
				CLANG_WARN_OBJC_ROOT_CLASS = YES_ERROR;
				CLANG_WARN__DUPLICATE_METHOD_MATCH = YES;
				"CODE_SIGN_IDENTITY[sdk=iphoneos*]" = "iPhone Developer";
				COPY_PHASE_STRIP = NO;
				GCC_C_LANGUAGE_STANDARD = gnu99;
				GCC_DYNAMIC_NO_PIC = NO;
				GCC_OPTIMIZATION_LEVEL = 0;
				GCC_PREPROCESSOR_DEFINITIONS = (
					"DEBUG=1",
					"$(inherited)",
				);
				GCC_SYMBOLS_PRIVATE_EXTERN = NO;
				GCC_WARN_64_TO_32_BIT_CONVERSION = YES;
				GCC_WARN_ABOUT_RETURN_TYPE = YES_ERROR;
				GCC_WARN_UNDECLARED_SELECTOR = YES;
				GCC_WARN_UNINITIALIZED_AUTOS = YES;
				GCC_WARN_UNUSED_FUNCTION = YES;
				GCC_WARN_UNUSED_VARIABLE = YES;
				IPHONEOS_DEPLOYMENT_TARGET = 7.0;
				ONLY_ACTIVE_ARCH = YES;
				SDKROOT = iphoneos;
			};
			name = Debug;
		};
		F3C2714C1869956C0059CB9A /* Release */ = {
			isa = XCBuildConfiguration;
			buildSettings = {
				ALWAYS_SEARCH_USER_PATHS = NO;
				ARCHS = "$(ARCHS_STANDARD_INCLUDING_64_BIT)";
				CLANG_CXX_LANGUAGE_STANDARD = "gnu++0x";
				CLANG_CXX_LIBRARY = "libc++";
				CLANG_ENABLE_MODULES = YES;
				CLANG_ENABLE_OBJC_ARC = YES;
				CLANG_WARN_BOOL_CONVERSION = YES;
				CLANG_WARN_CONSTANT_CONVERSION = YES;
				CLANG_WARN_DIRECT_OBJC_ISA_USAGE = YES_ERROR;
				CLANG_WARN_EMPTY_BODY = YES;
				CLANG_WARN_ENUM_CONVERSION = YES;
				CLANG_WARN_INT_CONVERSION = YES;
				CLANG_WARN_OBJC_ROOT_CLASS = YES_ERROR;
				CLANG_WARN__DUPLICATE_METHOD_MATCH = YES;
				"CODE_SIGN_IDENTITY[sdk=iphoneos*]" = "iPhone Developer";
				COPY_PHASE_STRIP = YES;
				ENABLE_NS_ASSERTIONS = NO;
				GCC_C_LANGUAGE_STANDARD = gnu99;
				GCC_WARN_64_TO_32_BIT_CONVERSION = YES;
				GCC_WARN_ABOUT_RETURN_TYPE = YES_ERROR;
				GCC_WARN_UNDECLARED_SELECTOR = YES;
				GCC_WARN_UNINITIALIZED_AUTOS = YES;
				GCC_WARN_UNUSED_FUNCTION = YES;
				GCC_WARN_UNUSED_VARIABLE = YES;
				IPHONEOS_DEPLOYMENT_TARGET = 7.0;
				SDKROOT = iphoneos;
				VALIDATE_PRODUCT = YES;
			};
			name = Release;
		};
		F3C2714E1869956C0059CB9A /* Debug */ = {
			isa = XCBuildConfiguration;
			buildSettings = {
				ASSETCATALOG_COMPILER_APPICON_NAME = AppIcon;
				ASSETCATALOG_COMPILER_LAUNCHIMAGE_NAME = LaunchImage;
				GCC_PRECOMPILE_PREFIX_HEADER = YES;
				GCC_PREFIX_HEADER = "BleCentralDemo/BleCentralDemo-Prefix.pch";
				INFOPLIST_FILE = "BleCentralDemo/BleCentralDemo-Info.plist";
				PRODUCT_NAME = "$(TARGET_NAME)";
				WRAPPER_EXTENSION = app;
			};
			name = Debug;
		};
		F3C2714F1869956C0059CB9A /* Release */ = {
			isa = XCBuildConfiguration;
			buildSettings = {
				ASSETCATALOG_COMPILER_APPICON_NAME = AppIcon;
				ASSETCATALOG_COMPILER_LAUNCHIMAGE_NAME = LaunchImage;
				GCC_PRECOMPILE_PREFIX_HEADER = YES;
				GCC_PREFIX_HEADER = "BleCentralDemo/BleCentralDemo-Prefix.pch";
				INFOPLIST_FILE = "BleCentralDemo/BleCentralDemo-Info.plist";
				PRODUCT_NAME = "$(TARGET_NAME)";
				WRAPPER_EXTENSION = app;
			};
			name = Release;
		};
		F3C271511869956C0059CB9A /* Debug */ = {
			isa = XCBuildConfiguration;
			buildSettings = {
				ARCHS = "$(ARCHS_STANDARD_INCLUDING_64_BIT)";
				BUNDLE_LOADER = "$(BUILT_PRODUCTS_DIR)/BleCentralDemo.app/BleCentralDemo";
				FRAMEWORK_SEARCH_PATHS = (
					"$(SDKROOT)/Developer/Library/Frameworks",
					"$(inherited)",
					"$(DEVELOPER_FRAMEWORKS_DIR)",
				);
				GCC_PRECOMPILE_PREFIX_HEADER = YES;
				GCC_PREFIX_HEADER = "BleCentralDemo/BleCentralDemo-Prefix.pch";
				GCC_PREPROCESSOR_DEFINITIONS = (
					"DEBUG=1",
					"$(inherited)",
				);
				INFOPLIST_FILE = "BleCentralDemoTests/BleCentralDemoTests-Info.plist";
				PRODUCT_NAME = "$(TARGET_NAME)";
				TEST_HOST = "$(BUNDLE_LOADER)";
				WRAPPER_EXTENSION = xctest;
			};
			name = Debug;
		};
		F3C271521869956C0059CB9A /* Release */ = {
			isa = XCBuildConfiguration;
			buildSettings = {
				ARCHS = "$(ARCHS_STANDARD_INCLUDING_64_BIT)";
				BUNDLE_LOADER = "$(BUILT_PRODUCTS_DIR)/BleCentralDemo.app/BleCentralDemo";
				FRAMEWORK_SEARCH_PATHS = (
					"$(SDKROOT)/Developer/Library/Frameworks",
					"$(inherited)",
					"$(DEVELOPER_FRAMEWORKS_DIR)",
				);
				GCC_PRECOMPILE_PREFIX_HEADER = YES;
				GCC_PREFIX_HEADER = "BleCentralDemo/BleCentralDemo-Prefix.pch";
				INFOPLIST_FILE = "BleCentralDemoTests/BleCentralDemoTests-Info.plist";
				PRODUCT_NAME = "$(TARGET_NAME)";
				TEST_HOST = "$(BUNDLE_LOADER)";
				WRAPPER_EXTENSION = xctest;
			};
			name = Release;
		};
/* End XCBuildConfiguration section */

/* Begin XCConfigurationList section */
		F3C271161869956C0059CB9A /* Build configuration list for PBXProject "BleCentralDemo" */ = {
			isa = XCConfigurationList;
			buildConfigurations = (
				F3C2714B1869956C0059CB9A /* Debug */,
				F3C2714C1869956C0059CB9A /* Release */,
			);
			defaultConfigurationIsVisible = 0;
			defaultConfigurationName = Release;
		};
		F3C2714D1869956C0059CB9A /* Build configuration list for PBXNativeTarget "BleCentralDemo" */ = {
			isa = XCConfigurationList;
			buildConfigurations = (
				F3C2714E1869956C0059CB9A /* Debug */,
				F3C2714F1869956C0059CB9A /* Release */,
			);
			defaultConfigurationIsVisible = 0;
		};
		F3C271501869956C0059CB9A /* Build configuration list for PBXNativeTarget "BleCentralDemoTests" */ = {
			isa = XCConfigurationList;
			buildConfigurations = (
				F3C271511869956C0059CB9A /* Debug */,
				F3C271521869956C0059CB9A /* Release */,
			);
			defaultConfigurationIsVisible = 0;
		};
/* End XCConfigurationList section */
	};
	rootObject = F3C271131869956C0059CB9A /* Project object */;
}
